github.com/MaitreDede/golang-evdev v0.0.0-20190830025009-af15a8dfbfeb h1:+WB21GRiYrQ5ZbJ2TY5KGK9L6A4TXERi2YOjQjY70C8=
github.com/MaitreDede/golang-evdev v0.0.0-20190830025009-af15a8dfbfeb/go.mod h1:3BJX+cWAqw734ApZ0+X4pkPiIgnTwD/oy/ao1hId5ME=
github.com/davecgh/go-spew v1.1.0/go.mod h1:J7Y8YcW2NihsgmVo/mv3lAwl/skON4iLHjSsI+c5H38=
github.com/davecgh/go-spew v1.1.1 h1:vj9j/u1bqnvCEfJOwUhtlOARqs3+rkHYY13jYWTU97c=
github.com/davecgh/go-spew v1.1.1/go.mod h1:J7Y8YcW2NihsgmVo/mv3lAwl/skON4iLHjSsI+c5H38=
github.com/go-ble/ble v0.0.0-20190521171521-147700f13610 h1:eWay3GzFqTJUEYN1BrbqdDTFeFUGmYLps8SQkn1D7Yo=
github.com/go-ble/ble v0.0.0-20190521171521-147700f13610/go.mod h1:UMPB54/KFpdTdfH7Yovhk3J6kzgzE88e3QZi8cbayis=
github.com/mattn/go-colorable v0.1.2 h1:/bC9yWikZXAL9uJdulbSfyVNIR3n3trXl+v8+1sx8mU=
github.com/mattn/go-colorable v0.1.2/go.mod h1:U0ppj6V5qS13XJ6of8GYAs25YV2eR4EVcfRqFIhoBtE=
github.com/mattn/go-isatty v0.0.8/go.mod h1:Iq45c/XA43vh69/j3iqttzPXn0bhXyGjM0Hdxcsrc5s=
github.com/mattn/go-isatty v0.0.9 h1:d5US/mDsogSGW37IV293h//ZFaeajb69h+EHFsv2xGg=
github.com/mattn/go-isatty v0.0.9/go.mod h1:YNRxwqDuOph6SZLI9vUUz6OYw3QyUt7WiY2yME+cCiQ=
github.com/mgutz/ansi v0.0.0-20170206155736-9520e82c474b h1:j7+1HpAFS1zy5+Q4qx1fWh90gTKwiN4QCGoY9TWyyO4=
github.com/mgutz/ansi v0.0.0-20170206155736-9520e82c474b/go.mod h1:01TrycV0kFyexm33Z7vhZRXopbI8J3TDReVlkTgMUxE=
github.com/mgutz/logxi v0.0.0-20161027140823-aebf8a7d67ab h1:n8cgpHzJ5+EDyDri2s/GC7a9+qK3/YEGnBsd0uS/8PY=
github.com/mgutz/logxi v0.0.0-20161027140823-aebf8a7d67ab/go.mod h1:y1pL58r5z2VvAjeG1VLGc8zOQgSOzbKN7kMHPvFXJ+8=
github.com/nathany/bobblehat v0.0.0-20170421151738-14b0d1b4643e h1:laO0ulsXfuedAk+m0frxy+o7uaoclS9SsVTBCSl6bew=
github.com/nathany/bobblehat v0.0.0-20170421151738-14b0d1b4643e/go.mod h1:rxS+MnnPI6N0Ia8dxXUxQBrpvCXvOsGF3kAsnNMlF4Y=
github.com/peterhellberg/gfx v0.0.0-20200301201759-ab85d940ef73 h1:yPV7lSd4FEtlKC7NwJmBMrXI4u5M2UtNm6SNZYwrv/w=
github.com/peterhellberg/gfx v0.0.0-20200301201759-ab85d940ef73/go.mod h1:itlt/V2ABb7sDu42VXQHXmQ4KOdrEbFZDVIaHsRcwak=
github.com/peterhellberg/ruuvitag v0.0.0-20200301114537-243ad69d4950 h1:myRxNUxSIpOCXcSZWUIDkVoLc5yCRCyC+OTKCu80dTg=
github.com/peterhellberg/ruuvitag v0.0.0-20200301114537-243ad69d4950/go.mod h1:s81c/91aRfXb6BEic1qN5p1xjpy9hAx/50po1GfisQY=
github.com/pkg/errors v0.8.1 h1:iURUrRGxPUNPdy5/HRSm+Yj6okJ6UtLINN0Q9M4+h3I=
github.com/pkg/errors v0.8.1/go.mod h1:bwawxfHBFNV+L2hUp1rHADufV3IMtnDRdf1r5NINEl0=
github.com/pmezard/go-difflib v1.0.0 h1:4DBwDE0NGyQoBHbLQYPwSUPoCMWR5BEzIk/f1lZbAQM=
github.com/pmezard/go-difflib v1.0.0/go.mod h1:iKH77koFhYxTK1pcRnkKkqfTogsbg7gZNVY4sRDYZ/4=
github.com/raff/goble v0.0.0-20190830174132-23577f989776 h1:cHEIc40IdwcN5VKLrtccCDIrlwP8vw2veWcIVHaNoyM=
github.com/raff/goble v0.0.0-20190830174132-23577f989776/go.mod h1:CxaUhijgLFX0AROtH5mluSY71VqpjQBw9JXE2UKZmc4=
github.com/stretchr/objx v0.1.0/go.mod h1:HFkY916IF+rwdDfMAkV7OtwuqBVzrE8GR6GFx+wExME=
github.com/stretchr/objx v0.4.0/go.mod h1:YvHI0jy2hoMjB+UWwv71VJQ9isScKT/TqJzVSSt89Yw=
github.com/stretchr/objx v0.5.0/go.mod h1:Yh+to48EsGEfYuaHDzXPcE3xhTkx73EhmCGUpEOglKo=
github.com/stretchr/testify v1.7.1/go.mod h1:6Fq8oRcR53rry900zMqJjRRixrwX3KX962/h/Wwjteg=
github.com/stretchr/testify v1.8.0/go.mod h1:yNjHg4UonilssWZ8iaSj1OCr/vHnekPRkoO+kdMU+MU=
github.com/stretchr/testify v1.8.1 h1:w7B6lhMri9wdJUVmEZPGGhZzrYTPvgJArz7wNPgYKsk=
github.com/stretchr/testify v1.8.1/go.mod h1:w2LPCIKwWwSfY2zedu0+kehJoqGctiVI29o6fzry7u4=
golang.org/x/sys v0.0.0-20190222072716-a9d3bda3a223/go.mod h1:STP8DvDyc/dI5b8T5hshtkjS+E42TnysNCUPdjciGhY=
golang.org/x/sys v0.0.0-20190813064441-fde4db37ae7a/go.mod h1:h1NjWce9XRLGQEsW7wpKNCjG9DtNlClVuFLEZdDNbEs=
golang.org/x/sys v0.0.0-20190830142957-1e83adbbebd0 h1:7z820YPX9pxWR59qM7BE5+fglp4D/mKqAwCvGt11b+8=
golang.org/x/sys v0.0.0-20190830142957-1e83adbbebd0/go.mod h1:h1NjWce9XRLGQEsW7wpKNCjG9DtNlClVuFLEZdDNbEs=
gopkg.in/check.v1 v0.0.0-20161208181325-20d25e280405/go.mod h1:Co6ibVJAznAaIkqp8huTwlJQCZ016jof/cbN4VW5Yz0=
gopkg.in/yaml.v3 v3.0.0-20200313102051-9f266ea9e77c/go.mod h1:K4uyk7z7BCEPqu6E+C64Yfv1cQ7kz7rIZviUmN+EgEM=
gopkg.in/yaml.v3 v3.0.1 h1:fxVm/GzAzEWqLHuvctI91KS9hhNmmWOoWu0XTYJS7CA=
gopkg.in/yaml.v3 v3.0.1/go.mod h1:K4uyk7z7BCEPqu6E+C64Yfv1cQ7kz7rIZviUmN+EgEM=
