github.com/MaitreDede/golang-evdev v0.0.0-20190830025009-af15a8dfbfeb h1:+WB21GRiYrQ5ZbJ2TY5KGK9L6A4TXERi2YOjQjY70C8=
github.com/MaitreDede/golang-evdev v0.0.0-20190830025009-af15a8dfbfeb/go.mod h1:3BJX+cWAqw734ApZ0+X4pkPiIgnTwD/oy/ao1hId5ME=
github.com/nathany/bobblehat v0.0.0-20170421151738-14b0d1b4643e h1:laO0ulsXfuedAk+m0frxy+o7uaoclS9SsVTBCSl6bew=
github.com/nathany/bobblehat v0.0.0-20170421151738-14b0d1b4643e/go.mod h1:rxS+MnnPI6N0Ia8dxXUxQBrpvCXvOsGF3kAsnNMlF4Y=
github.com/peterhellberg/gfx v0.0.0-20200301201759-ab85d940ef73 h1:yPV7lSd4FEtlKC7NwJmBMrXI4u5M2UtNm6SNZYwrv/w=
github.com/peterhellberg/gfx v0.0.0-20200301201759-ab85d940ef73/go.mod h1:itlt/V2ABb7sDu42VXQHXmQ4KOdrEbFZDVIaHsRcwak=
