# This file is autogenerated, do not edit; changes may be undone by the next 'dep ensure'.


[[projects]]
  branch = "err-checks"
  digest = "1:8bf91597ed9fcbeabd927774d551378a2abfebaab2cfc9778ebc59953594a22c"
  name = "github.com/MaitreDede/golang-evdev"
  packages = ["."]
  pruneopts = "NUT"
  revision = "af15a8dfbfeb14d61e515f291813748e43222637"

[[projects]]
  branch = "master"
  digest = "1:1f5001b8034f88cad4e523659e63268777754d4be33c78f6b2613a2e6f956294"
  name = "github.com/go-ble/ble"
  packages = [
    ".",
    "darwin",
    "examples/lib/dev",
    "linux",
    "linux/adv",
    "linux/att",
    "linux/gatt",
    "linux/hci",
    "linux/hci/cmd",
    "linux/hci/evt",
    "linux/hci/socket",
  ]
  pruneopts = "NUT"
  revision = "147700f13610085f7387692cd6663a67c495ab87"

[[projects]]
  digest = "1:9785a54031460a402fab4e4bbb3124c8dd9e9f7b1982109fef605cb91632d480"
  name = "github.com/mattn/go-colorable"
  packages = ["."]
  pruneopts = "NUT"
  revision = "8029fb3788e5a4a9c00e415f586a6d033f5d38b3"
  version = "v0.1.2"

[[projects]]
  digest = "1:666428435471609937bd13f56e2e31501b5660ffc44a786cf2217dc53291a604"
  name = "github.com/mattn/go-isatty"
  packages = ["."]
  pruneopts = "NUT"
  revision = "e1f7b56ace729e4a73a29a6b4fac6cd5fcda7ab3"
  version = "v0.0.9"

[[projects]]
  branch = "master"
  digest = "1:063d55b87e200bced5e2be658cc70acafb4c5bbc4afa04d4b82f66298b73d089"
  name = "github.com/mgutz/ansi"
  packages = ["."]
  pruneopts = "NUT"
  revision = "9520e82c474b0a04dd04f8a40959027271bab992"

[[projects]]
  digest = "1:17bc403348b60bd01bfd2e507fcb23463e76f4b1f433d50b0872b8219df1250d"
  name = "github.com/mgutz/logxi"
  packages = ["v1"]
  pruneopts = "NUT"
  revision = "aebf8a7d67ab4625e0fd4a665766fef9a709161b"
  version = "v1"

[[projects]]
  branch = "master"
  digest = "1:1738e11e0c3527cfee08c45653e39f2c70890d2e69977f7972bdf1922ecaf308"
  name = "github.com/nathany/bobblehat"
  packages = [
    "sense/screen",
    "sense/screen/color",
    "sense/screen/texture",
  ]
  pruneopts = "NUT"
  revision = "14b0d1b4643e087aab2a46f48952626c6a5c8182"

[[projects]]
  branch = "master"
  digest = "1:307579a898c1972a1f00578fa467a585cd635d491dcdbc0ba9d1f8365c751c3d"
  name = "github.com/peterhellberg/gfx"
  packages = ["."]
  pruneopts = "NUT"
  revision = "ab85d940ef730f8e775ea5116fd795cd4c9fe003"

[[projects]]
  branch = "master"
  digest = "1:8546a2b45d4753c345495d0429cd731c1832eae8aed5684109a3f260c712d08f"
  name = "github.com/peterhellberg/ruuvitag"
  packages = ["."]
  pruneopts = "NUT"
  revision = "243ad69d495063a5df2cf60b4d69f1d09d8ab29c"

[[projects]]
  digest = "1:14715f705ff5dfe0ffd6571d7d201dd8e921030f8070321a79380d8ca4ec1a24"
  name = "github.com/pkg/errors"
  packages = ["."]
  pruneopts = "NUT"
  revision = "ba968bfe8b2f7e042a574c888954fccecfa385b4"
  version = "v0.8.1"

[[projects]]
  branch = "master"
  digest = "1:2152d04d1a48e18c5e022a2a18f2d164872a63fb301a0db33283486d49eccae5"
  name = "github.com/raff/goble"
  packages = ["xpc"]
  pruneopts = "NUT"
  revision = "23577f989776a9ac1b1ded62ac52b25907b806bf"

[[projects]]
  branch = "master"
  digest = "1:c14a7666f03188f6af4d3dec4aeaaba973ff3365bb1b48c630e1922bfc9c9a0c"
  name = "golang.org/x/sys"
  packages = ["unix"]
  pruneopts = "NUT"
  revision = "1e83adbbebd0f5dc971915fd7e5db032c3d2b731"

[solve-meta]
  analyzer-name = "dep"
  analyzer-version = 1
  input-imports = [
    "github.com/MaitreDede/golang-evdev",
    "github.com/go-ble/ble",
    "github.com/go-ble/ble/examples/lib/dev",
    "github.com/nathany/bobblehat/sense/screen",
    "github.com/nathany/bobblehat/sense/screen/color",
    "github.com/peterhellberg/gfx",
    "github.com/peterhellberg/ruuvitag",
  ]
  solver-name = "gps-cdcl"
  solver-version = 1
